
Microsoft Visual Studio Solution File, Format Version 12.00
# Visual Studio Version 17
VisualStudioVersion = 17.8.34309.116
MinimumVisualStudioVersion = 10.0.40219.1
Project("{9A19103F-16F7-4668-BE54-9A1E7A4F7556}") = "Chapter2", "Chapter2\Chapter2.csproj", "{EAB6239F-444C-46B5-8A48-3A6FBB40709B}"
EndProject
Project("{9A19103F-16F7-4668-BE54-9A1E7A4F7556}") = "Boolean", "Boolean\Boolean.csproj", "{685D2776-A54A-47B0-8713-BFD4B083355D}"
EndProject
Project("{9A19103F-16F7-4668-BE54-9A1E7A4F7556}") = "Variables", "Variables\Variables.csproj", "{B7408593-10F0-4B27-A229-838580ED08E5}"
EndProject
Project("{FAE04EC0-301F-11D3-BF4B-00C04F79EFBC}") = "Arrays", "Arrays\Arrays.csproj", "{76F57C16-3A51-46E1-A602-FC1DFE0142D6}"
EndProject
Global
	GlobalSection(SolutionConfigurationPlatforms) = preSolution
		Debug|Any CPU = Debug|Any CPU
		Release|Any CPU = Release|Any CPU
	EndGlobalSection
	GlobalSection(ProjectConfigurationPlatforms) = postSolution
		{EAB6239F-444C-46B5-8A48-3A6FBB40709B}.Debug|Any CPU.ActiveCfg = Debug|Any CPU
		{EAB6239F-444C-46B5-8A48-3A6FBB40709B}.Debug|Any CPU.Build.0 = Debug|Any CPU
		{EAB6239F-444C-46B5-8A48-3A6FBB40709B}.Release|Any CPU.ActiveCfg = Release|Any CPU
		{EAB6239F-444C-46B5-8A48-3A6FBB40709B}.Release|Any CPU.Build.0 = Release|Any CPU
		{685D2776-A54A-47B0-8713-BFD4B083355D}.Debug|Any CPU.ActiveCfg = Debug|Any CPU
		{685D2776-A54A-47B0-8713-BFD4B083355D}.Debug|Any CPU.Build.0 = Debug|Any CPU
		{685D2776-A54A-47B0-8713-BFD4B083355D}.Release|Any CPU.ActiveCfg = Release|Any CPU
		{685D2776-A54A-47B0-8713-BFD4B083355D}.Release|Any CPU.Build.0 = Release|Any CPU
		{B7408593-10F0-4B27-A229-838580ED08E5}.Debug|Any CPU.ActiveCfg = Debug|Any CPU
		{B7408593-10F0-4B27-A229-838580ED08E5}.Debug|Any CPU.Build.0 = Debug|Any CPU
		{B7408593-10F0-4B27-A229-838580ED08E5}.Release|Any CPU.ActiveCfg = Release|Any CPU
		{B7408593-10F0-4B27-A229-838580ED08E5}.Release|Any CPU.Build.0 = Release|Any CPU
		{76F57C16-3A51-46E1-A602-FC1DFE0142D6}.Debug|Any CPU.ActiveCfg = Debug|Any CPU
		{76F57C16-3A51-46E1-A602-FC1DFE0142D6}.Debug|Any CPU.Build.0 = Debug|Any CPU
		{76F57C16-3A51-46E1-A602-FC1DFE0142D6}.Release|Any CPU.ActiveCfg = Release|Any CPU
		{76F57C16-3A51-46E1-A602-FC1DFE0142D6}.Release|Any CPU.Build.0 = Release|Any CPU
	EndGlobalSection
	GlobalSection(SolutionProperties) = preSolution
		HideSolutionNode = FALSE
	EndGlobalSection
	GlobalSection(ExtensibilityGlobals) = postSolution
		SolutionGuid = {B1066680-6CEB-47D0-B994-CFA723BF4717}
	EndGlobalSection
EndGlobal
